
Microsoft Visual Studio Solution File, Format Version 12.00
# Visual Studio Version 17
VisualStudioVersion = 17.5.2.0
MinimumVisualStudioVersion = 10.0.40219.1
Project("{FAE04EC0-301F-11D3-BF4B-00C04F79EFBC}") = "problem-01", "problem-01\problem-01.csproj", "{BB2B34AA-60B6-459D-8196-7568678761BE}"
EndProject
Project("{FAE04EC0-301F-11D3-BF4B-00C04F79EFBC}") = "problem-03", "problem-03\problem-03.csproj", "{488819F3-F3A2-BA50-F733-C813BCB29165}"
EndProject
Project("{FAE04EC0-301F-11D3-BF4B-00C04F79EFBC}") = "problem-02", "problem-02\problem-02.csproj", "{9FCB3265-6B1B-ECC8-A3EB-BEBDC54425BA}"
EndProject
Project("{FAE04EC0-301F-11D3-BF4B-00C04F79EFBC}") = "problem-04", "problem-04\problem-04.csproj", "{B405BB1A-F7B2-4CDE-983E-056E1929D6F0}"
EndProject
Project("{FAE04EC0-301F-11D3-BF4B-00C04F79EFBC}") = "problem-05", "problem-05\problem-05.csproj", "{AB7E71FC-88AB-4A1C-A7E5-FE278C49C7FA}"
EndProject
Project("{FAE04EC0-301F-11D3-BF4B-00C04F79EFBC}") = "problem-06", "problem-06\problem-06.csproj", "{E71BC7F0-DA0E-43E3-9CE7-498B5D2852F1}"
EndProject
Project("{FAE04EC0-301F-11D3-BF4B-00C04F79EFBC}") = "problem-07", "problem-07\problem-07.csproj", "{185B22FC-C6A1-49A3-92FC-8CA3ADD35005}"
EndProject
Project("{FAE04EC0-301F-11D3-BF4B-00C04F79EFBC}") = "problem-08", "problem-08\problem-08.csproj", "{1E8D0C64-9084-4AD8-9604-8AC9645C15C4}"
EndProject
Project("{FAE04EC0-301F-11D3-BF4B-00C04F79EFBC}") = "problem-09", "problem-09\problem-09.csproj", "{50C4F089-6D30-4E83-B9E3-8AA608D9F882}"
EndProject
Project("{FAE04EC0-301F-11D3-BF4B-00C04F79EFBC}") = "problem-10", "problem-10\problem-10.csproj", "{BD58CC3A-C5FF-4888-BA62-343B0B1A2728}"
EndProject
Project("{FAE04EC0-301F-11D3-BF4B-00C04F79EFBC}") = "problem-11", "problem-11\problem-11.csproj", "{DCFE3E51-C42B-4D47-B828-051768C2A897}"
EndProject
Project("{FAE04EC0-301F-11D3-BF4B-00C04F79EFBC}") = "problem-12", "problem-12\problem-12.csproj", "{FC9A4080-DB38-4049-A83B-AEE734BAAE14}"
EndProject
Project("{FAE04EC0-301F-11D3-BF4B-00C04F79EFBC}") = "problem-13", "problem-13\problem-13.csproj", "{57A6E52E-FC61-4E2F-8A1E-2A4717200D85}"
EndProject
Project("{FAE04EC0-301F-11D3-BF4B-00C04F79EFBC}") = "problem-14", "problem-14\problem-14.csproj", "{C8ABC962-FE98-47DE-89A1-B21AC330E52D}"
EndProject
Global
	GlobalSection(SolutionConfigurationPlatforms) = preSolution
		Debug|Any CPU = Debug|Any CPU
		Debug|x64 = Debug|x64
		Debug|x86 = Debug|x86
		Release|Any CPU = Release|Any CPU
		Release|x64 = Release|x64
		Release|x86 = Release|x86
	EndGlobalSection
	GlobalSection(ProjectConfigurationPlatforms) = postSolution
		{BB2B34AA-60B6-459D-8196-7568678761BE}.Debug|Any CPU.ActiveCfg = Debug|Any CPU
		{BB2B34AA-60B6-459D-8196-7568678761BE}.Debug|Any CPU.Build.0 = Debug|Any CPU
		{BB2B34AA-60B6-459D-8196-7568678761BE}.Debug|x64.ActiveCfg = Debug|Any CPU
		{BB2B34AA-60B6-459D-8196-7568678761BE}.Debug|x64.Build.0 = Debug|Any CPU
		{BB2B34AA-60B6-459D-8196-7568678761BE}.Debug|x86.ActiveCfg = Debug|Any CPU
		{BB2B34AA-60B6-459D-8196-7568678761BE}.Debug|x86.Build.0 = Debug|Any CPU
		{BB2B34AA-60B6-459D-8196-7568678761BE}.Release|Any CPU.ActiveCfg = Release|Any CPU
		{BB2B34AA-60B6-459D-8196-7568678761BE}.Release|Any CPU.Build.0 = Release|Any CPU
		{BB2B34AA-60B6-459D-8196-7568678761BE}.Release|x64.ActiveCfg = Release|Any CPU
		{BB2B34AA-60B6-459D-8196-7568678761BE}.Release|x64.Build.0 = Release|Any CPU
		{BB2B34AA-60B6-459D-8196-7568678761BE}.Release|x86.ActiveCfg = Release|Any CPU
		{BB2B34AA-60B6-459D-8196-7568678761BE}.Release|x86.Build.0 = Release|Any CPU
		{488819F3-F3A2-BA50-F733-C813BCB29165}.Debug|Any CPU.ActiveCfg = Debug|Any CPU
		{488819F3-F3A2-BA50-F733-C813BCB29165}.Debug|Any CPU.Build.0 = Debug|Any CPU
		{488819F3-F3A2-BA50-F733-C813BCB29165}.Debug|x64.ActiveCfg = Debug|Any CPU
		{488819F3-F3A2-BA50-F733-C813BCB29165}.Debug|x64.Build.0 = Debug|Any CPU
		{488819F3-F3A2-BA50-F733-C813BCB29165}.Debug|x86.ActiveCfg = Debug|Any CPU
		{488819F3-F3A2-BA50-F733-C813BCB29165}.Debug|x86.Build.0 = Debug|Any CPU
		{488819F3-F3A2-BA50-F733-C813BCB29165}.Release|Any CPU.ActiveCfg = Release|Any CPU
		{488819F3-F3A2-BA50-F733-C813BCB29165}.Release|Any CPU.Build.0 = Release|Any CPU
		{488819F3-F3A2-BA50-F733-C813BCB29165}.Release|x64.ActiveCfg = Release|Any CPU
		{488819F3-F3A2-BA50-F733-C813BCB29165}.Release|x64.Build.0 = Release|Any CPU
		{488819F3-F3A2-BA50-F733-C813BCB29165}.Release|x86.ActiveCfg = Release|Any CPU
		{488819F3-F3A2-BA50-F733-C813BCB29165}.Release|x86.Build.0 = Release|Any CPU
		{9FCB3265-6B1B-ECC8-A3EB-BEBDC54425BA}.Debug|Any CPU.ActiveCfg = Debug|Any CPU
		{9FCB3265-6B1B-ECC8-A3EB-BEBDC54425BA}.Debug|Any CPU.Build.0 = Debug|Any CPU
		{9FCB3265-6B1B-ECC8-A3EB-BEBDC54425BA}.Debug|x64.ActiveCfg = Debug|Any CPU
		{9FCB3265-6B1B-ECC8-A3EB-BEBDC54425BA}.Debug|x64.Build.0 = Debug|Any CPU
		{9FCB3265-6B1B-ECC8-A3EB-BEBDC54425BA}.Debug|x86.ActiveCfg = Debug|Any CPU
		{9FCB3265-6B1B-ECC8-A3EB-BEBDC54425BA}.Debug|x86.Build.0 = Debug|Any CPU
		{9FCB3265-6B1B-ECC8-A3EB-BEBDC54425BA}.Release|Any CPU.ActiveCfg = Release|Any CPU
		{9FCB3265-6B1B-ECC8-A3EB-BEBDC54425BA}.Release|Any CPU.Build.0 = Release|Any CPU
		{9FCB3265-6B1B-ECC8-A3EB-BEBDC54425BA}.Release|x64.ActiveCfg = Release|Any CPU
		{9FCB3265-6B1B-ECC8-A3EB-BEBDC54425BA}.Release|x64.Build.0 = Release|Any CPU
		{9FCB3265-6B1B-ECC8-A3EB-BEBDC54425BA}.Release|x86.ActiveCfg = Release|Any CPU
		{9FCB3265-6B1B-ECC8-A3EB-BEBDC54425BA}.Release|x86.Build.0 = Release|Any CPU
		{B405BB1A-F7B2-4CDE-983E-056E1929D6F0}.Debug|Any CPU.ActiveCfg = Debug|Any CPU
		{B405BB1A-F7B2-4CDE-983E-056E1929D6F0}.Debug|Any CPU.Build.0 = Debug|Any CPU
		{B405BB1A-F7B2-4CDE-983E-056E1929D6F0}.Debug|x64.ActiveCfg = Debug|Any CPU
		{B405BB1A-F7B2-4CDE-983E-056E1929D6F0}.Debug|x64.Build.0 = Debug|Any CPU
		{B405BB1A-F7B2-4CDE-983E-056E1929D6F0}.Debug|x86.ActiveCfg = Debug|Any CPU
		{B405BB1A-F7B2-4CDE-983E-056E1929D6F0}.Debug|x86.Build.0 = Debug|Any CPU
		{B405BB1A-F7B2-4CDE-983E-056E1929D6F0}.Release|Any CPU.ActiveCfg = Release|Any CPU
		{B405BB1A-F7B2-4CDE-983E-056E1929D6F0}.Release|Any CPU.Build.0 = Release|Any CPU
		{B405BB1A-F7B2-4CDE-983E-056E1929D6F0}.Release|x64.ActiveCfg = Release|Any CPU
		{B405BB1A-F7B2-4CDE-983E-056E1929D6F0}.Release|x64.Build.0 = Release|Any CPU
		{B405BB1A-F7B2-4CDE-983E-056E1929D6F0}.Release|x86.ActiveCfg = Release|Any CPU
		{B405BB1A-F7B2-4CDE-983E-056E1929D6F0}.Release|x86.Build.0 = Release|Any CPU
		{AB7E71FC-88AB-4A1C-A7E5-FE278C49C7FA}.Debug|Any CPU.ActiveCfg = Debug|Any CPU
		{AB7E71FC-88AB-4A1C-A7E5-FE278C49C7FA}.Debug|Any CPU.Build.0 = Debug|Any CPU
		{AB7E71FC-88AB-4A1C-A7E5-FE278C49C7FA}.Debug|x64.ActiveCfg = Debug|Any CPU
		{AB7E71FC-88AB-4A1C-A7E5-FE278C49C7FA}.Debug|x64.Build.0 = Debug|Any CPU
		{AB7E71FC-88AB-4A1C-A7E5-FE278C49C7FA}.Debug|x86.ActiveCfg = Debug|Any CPU
		{AB7E71FC-88AB-4A1C-A7E5-FE278C49C7FA}.Debug|x86.Build.0 = Debug|Any CPU
		{AB7E71FC-88AB-4A1C-A7E5-FE278C49C7FA}.Release|Any CPU.ActiveCfg = Release|Any CPU
		{AB7E71FC-88AB-4A1C-A7E5-FE278C49C7FA}.Release|Any CPU.Build.0 = Release|Any CPU
		{AB7E71FC-88AB-4A1C-A7E5-FE278C49C7FA}.Release|x64.ActiveCfg = Release|Any CPU
		{AB7E71FC-88AB-4A1C-A7E5-FE278C49C7FA}.Release|x64.Build.0 = Release|Any CPU
		{AB7E71FC-88AB-4A1C-A7E5-FE278C49C7FA}.Release|x86.ActiveCfg = Release|Any CPU
		{AB7E71FC-88AB-4A1C-A7E5-FE278C49C7FA}.Release|x86.Build.0 = Release|Any CPU
		{E71BC7F0-DA0E-43E3-9CE7-498B5D2852F1}.Debug|Any CPU.ActiveCfg = Debug|Any CPU
		{E71BC7F0-DA0E-43E3-9CE7-498B5D2852F1}.Debug|Any CPU.Build.0 = Debug|Any CPU
		{E71BC7F0-DA0E-43E3-9CE7-498B5D2852F1}.Debug|x64.ActiveCfg = Debug|Any CPU
		{E71BC7F0-DA0E-43E3-9CE7-498B5D2852F1}.Debug|x64.Build.0 = Debug|Any CPU
		{E71BC7F0-DA0E-43E3-9CE7-498B5D2852F1}.Debug|x86.ActiveCfg = Debug|Any CPU
		{E71BC7F0-DA0E-43E3-9CE7-498B5D2852F1}.Debug|x86.Build.0 = Debug|Any CPU
		{E71BC7F0-DA0E-43E3-9CE7-498B5D2852F1}.Release|Any CPU.ActiveCfg = Release|Any CPU
		{E71BC7F0-DA0E-43E3-9CE7-498B5D2852F1}.Release|Any CPU.Build.0 = Release|Any CPU
		{E71BC7F0-DA0E-43E3-9CE7-498B5D2852F1}.Release|x64.ActiveCfg = Release|Any CPU
		{E71BC7F0-DA0E-43E3-9CE7-498B5D2852F1}.Release|x64.Build.0 = Release|Any CPU
		{E71BC7F0-DA0E-43E3-9CE7-498B5D2852F1}.Release|x86.ActiveCfg = Release|Any CPU
		{E71BC7F0-DA0E-43E3-9CE7-498B5D2852F1}.Release|x86.Build.0 = Release|Any CPU
		{185B22FC-C6A1-49A3-92FC-8CA3ADD35005}.Debug|Any CPU.ActiveCfg = Debug|Any CPU
		{185B22FC-C6A1-49A3-92FC-8CA3ADD35005}.Debug|Any CPU.Build.0 = Debug|Any CPU
		{185B22FC-C6A1-49A3-92FC-8CA3ADD35005}.Debug|x64.ActiveCfg = Debug|Any CPU
		{185B22FC-C6A1-49A3-92FC-8CA3ADD35005}.Debug|x64.Build.0 = Debug|Any CPU
		{185B22FC-C6A1-49A3-92FC-8CA3ADD35005}.Debug|x86.ActiveCfg = Debug|Any CPU
		{185B22FC-C6A1-49A3-92FC-8CA3ADD35005}.Debug|x86.Build.0 = Debug|Any CPU
		{185B22FC-C6A1-49A3-92FC-8CA3ADD35005}.Release|Any CPU.ActiveCfg = Release|Any CPU
		{185B22FC-C6A1-49A3-92FC-8CA3ADD35005}.Release|Any CPU.Build.0 = Release|Any CPU
		{185B22FC-C6A1-49A3-92FC-8CA3ADD35005}.Release|x64.ActiveCfg = Release|Any CPU
		{185B22FC-C6A1-49A3-92FC-8CA3ADD35005}.Release|x64.Build.0 = Release|Any CPU
		{185B22FC-C6A1-49A3-92FC-8CA3ADD35005}.Release|x86.ActiveCfg = Release|Any CPU
		{185B22FC-C6A1-49A3-92FC-8CA3ADD35005}.Release|x86.Build.0 = Release|Any CPU
		{1E8D0C64-9084-4AD8-9604-8AC9645C15C4}.Debug|Any CPU.ActiveCfg = Debug|Any CPU
		{1E8D0C64-9084-4AD8-9604-8AC9645C15C4}.Debug|Any CPU.Build.0 = Debug|Any CPU
		{1E8D0C64-9084-4AD8-9604-8AC9645C15C4}.Debug|x64.ActiveCfg = Debug|Any CPU
		{1E8D0C64-9084-4AD8-9604-8AC9645C15C4}.Debug|x64.Build.0 = Debug|Any CPU
		{1E8D0C64-9084-4AD8-9604-8AC9645C15C4}.Debug|x86.ActiveCfg = Debug|Any CPU
		{1E8D0C64-9084-4AD8-9604-8AC9645C15C4}.Debug|x86.Build.0 = Debug|Any CPU
		{1E8D0C64-9084-4AD8-9604-8AC9645C15C4}.Release|Any CPU.ActiveCfg = Release|Any CPU
		{1E8D0C64-9084-4AD8-9604-8AC9645C15C4}.Release|Any CPU.Build.0 = Release|Any CPU
		{1E8D0C64-9084-4AD8-9604-8AC9645C15C4}.Release|x64.ActiveCfg = Release|Any CPU
		{1E8D0C64-9084-4AD8-9604-8AC9645C15C4}.Release|x64.Build.0 = Release|Any CPU
		{1E8D0C64-9084-4AD8-9604-8AC9645C15C4}.Release|x86.ActiveCfg = Release|Any CPU
		{1E8D0C64-9084-4AD8-9604-8AC9645C15C4}.Release|x86.Build.0 = Release|Any CPU
		{50C4F089-6D30-4E83-B9E3-8AA608D9F882}.Debug|Any CPU.ActiveCfg = Debug|Any CPU
		{50C4F089-6D30-4E83-B9E3-8AA608D9F882}.Debug|Any CPU.Build.0 = Debug|Any CPU
		{50C4F089-6D30-4E83-B9E3-8AA608D9F882}.Debug|x64.ActiveCfg = Debug|Any CPU
		{50C4F089-6D30-4E83-B9E3-8AA608D9F882}.Debug|x64.Build.0 = Debug|Any CPU
		{50C4F089-6D30-4E83-B9E3-8AA608D9F882}.Debug|x86.ActiveCfg = Debug|Any CPU
		{50C4F089-6D30-4E83-B9E3-8AA608D9F882}.Debug|x86.Build.0 = Debug|Any CPU
		{50C4F089-6D30-4E83-B9E3-8AA608D9F882}.Release|Any CPU.ActiveCfg = Release|Any CPU
		{50C4F089-6D30-4E83-B9E3-8AA608D9F882}.Release|Any CPU.Build.0 = Release|Any CPU
		{50C4F089-6D30-4E83-B9E3-8AA608D9F882}.Release|x64.ActiveCfg = Release|Any CPU
		{50C4F089-6D30-4E83-B9E3-8AA608D9F882}.Release|x64.Build.0 = Release|Any CPU
		{50C4F089-6D30-4E83-B9E3-8AA608D9F882}.Release|x86.ActiveCfg = Release|Any CPU
		{50C4F089-6D30-4E83-B9E3-8AA608D9F882}.Release|x86.Build.0 = Release|Any CPU
		{BD58CC3A-C5FF-4888-BA62-343B0B1A2728}.Debug|Any CPU.ActiveCfg = Debug|Any CPU
		{BD58CC3A-C5FF-4888-BA62-343B0B1A2728}.Debug|Any CPU.Build.0 = Debug|Any CPU
		{BD58CC3A-C5FF-4888-BA62-343B0B1A2728}.Debug|x64.ActiveCfg = Debug|Any CPU
		{BD58CC3A-C5FF-4888-BA62-343B0B1A2728}.Debug|x64.Build.0 = Debug|Any CPU
		{BD58CC3A-C5FF-4888-BA62-343B0B1A2728}.Debug|x86.ActiveCfg = Debug|Any CPU
		{BD58CC3A-C5FF-4888-BA62-343B0B1A2728}.Debug|x86.Build.0 = Debug|Any CPU
		{BD58CC3A-C5FF-4888-BA62-343B0B1A2728}.Release|Any CPU.ActiveCfg = Release|Any CPU
		{BD58CC3A-C5FF-4888-BA62-343B0B1A2728}.Release|Any CPU.Build.0 = Release|Any CPU
		{BD58CC3A-C5FF-4888-BA62-343B0B1A2728}.Release|x64.ActiveCfg = Release|Any CPU
		{BD58CC3A-C5FF-4888-BA62-343B0B1A2728}.Release|x64.Build.0 = Release|Any CPU
		{BD58CC3A-C5FF-4888-BA62-343B0B1A2728}.Release|x86.ActiveCfg = Release|Any CPU
		{BD58CC3A-C5FF-4888-BA62-343B0B1A2728}.Release|x86.Build.0 = Release|Any CPU
		{DCFE3E51-C42B-4D47-B828-051768C2A897}.Debug|Any CPU.ActiveCfg = Debug|Any CPU
		{DCFE3E51-C42B-4D47-B828-051768C2A897}.Debug|Any CPU.Build.0 = Debug|Any CPU
		{DCFE3E51-C42B-4D47-B828-051768C2A897}.Debug|x64.ActiveCfg = Debug|Any CPU
		{DCFE3E51-C42B-4D47-B828-051768C2A897}.Debug|x64.Build.0 = Debug|Any CPU
		{DCFE3E51-C42B-4D47-B828-051768C2A897}.Debug|x86.ActiveCfg = Debug|Any CPU
		{DCFE3E51-C42B-4D47-B828-051768C2A897}.Debug|x86.Build.0 = Debug|Any CPU
		{DCFE3E51-C42B-4D47-B828-051768C2A897}.Release|Any CPU.ActiveCfg = Release|Any CPU
		{DCFE3E51-C42B-4D47-B828-051768C2A897}.Release|Any CPU.Build.0 = Release|Any CPU
		{DCFE3E51-C42B-4D47-B828-051768C2A897}.Release|x64.ActiveCfg = Release|Any CPU
		{DCFE3E51-C42B-4D47-B828-051768C2A897}.Release|x64.Build.0 = Release|Any CPU
		{DCFE3E51-C42B-4D47-B828-051768C2A897}.Release|x86.ActiveCfg = Release|Any CPU
		{DCFE3E51-C42B-4D47-B828-051768C2A897}.Release|x86.Build.0 = Release|Any CPU
		{FC9A4080-DB38-4049-A83B-AEE734BAAE14}.Debug|Any CPU.ActiveCfg = Debug|Any CPU
		{FC9A4080-DB38-4049-A83B-AEE734BAAE14}.Debug|Any CPU.Build.0 = Debug|Any CPU
		{FC9A4080-DB38-4049-A83B-AEE734BAAE14}.Debug|x64.ActiveCfg = Debug|Any CPU
		{FC9A4080-DB38-4049-A83B-AEE734BAAE14}.Debug|x64.Build.0 = Debug|Any CPU
		{FC9A4080-DB38-4049-A83B-AEE734BAAE14}.Debug|x86.ActiveCfg = Debug|Any CPU
		{FC9A4080-DB38-4049-A83B-AEE734BAAE14}.Debug|x86.Build.0 = Debug|Any CPU
		{FC9A4080-DB38-4049-A83B-AEE734BAAE14}.Release|Any CPU.ActiveCfg = Release|Any CPU
		{FC9A4080-DB38-4049-A83B-AEE734BAAE14}.Release|Any CPU.Build.0 = Release|Any CPU
		{FC9A4080-DB38-4049-A83B-AEE734BAAE14}.Release|x64.ActiveCfg = Release|Any CPU
		{FC9A4080-DB38-4049-A83B-AEE734BAAE14}.Release|x64.Build.0 = Release|Any CPU
		{FC9A4080-DB38-4049-A83B-AEE734BAAE14}.Release|x86.ActiveCfg = Release|Any CPU
		{FC9A4080-DB38-4049-A83B-AEE734BAAE14}.Release|x86.Build.0 = Release|Any CPU
		{57A6E52E-FC61-4E2F-8A1E-2A4717200D85}.Debug|Any CPU.ActiveCfg = Debug|Any CPU
		{57A6E52E-FC61-4E2F-8A1E-2A4717200D85}.Debug|Any CPU.Build.0 = Debug|Any CPU
		{57A6E52E-FC61-4E2F-8A1E-2A4717200D85}.Debug|x64.ActiveCfg = Debug|Any CPU
		{57A6E52E-FC61-4E2F-8A1E-2A4717200D85}.Debug|x64.Build.0 = Debug|Any CPU
		{57A6E52E-FC61-4E2F-8A1E-2A4717200D85}.Debug|x86.ActiveCfg = Debug|Any CPU
		{57A6E52E-FC61-4E2F-8A1E-2A4717200D85}.Debug|x86.Build.0 = Debug|Any CPU
		{57A6E52E-FC61-4E2F-8A1E-2A4717200D85}.Release|Any CPU.ActiveCfg = Release|Any CPU
		{57A6E52E-FC61-4E2F-8A1E-2A4717200D85}.Release|Any CPU.Build.0 = Release|Any CPU
		{57A6E52E-FC61-4E2F-8A1E-2A4717200D85}.Release|x64.ActiveCfg = Release|Any CPU
		{57A6E52E-FC61-4E2F-8A1E-2A4717200D85}.Release|x64.Build.0 = Release|Any CPU
		{57A6E52E-FC61-4E2F-8A1E-2A4717200D85}.Release|x86.ActiveCfg = Release|Any CPU
		{57A6E52E-FC61-4E2F-8A1E-2A4717200D85}.Release|x86.Build.0 = Release|Any CPU
		{C8ABC962-FE98-47DE-89A1-B21AC330E52D}.Debug|Any CPU.ActiveCfg = Debug|Any CPU
		{C8ABC962-FE98-47DE-89A1-B21AC330E52D}.Debug|Any CPU.Build.0 = Debug|Any CPU
		{C8ABC962-FE98-47DE-89A1-B21AC330E52D}.Debug|x64.ActiveCfg = Debug|Any CPU
		{C8ABC962-FE98-47DE-89A1-B21AC330E52D}.Debug|x64.Build.0 = Debug|Any CPU
		{C8ABC962-FE98-47DE-89A1-B21AC330E52D}.Debug|x86.ActiveCfg = Debug|Any CPU
		{C8ABC962-FE98-47DE-89A1-B21AC330E52D}.Debug|x86.Build.0 = Debug|Any CPU
		{C8ABC962-FE98-47DE-89A1-B21AC330E52D}.Release|Any CPU.ActiveCfg = Release|Any CPU
		{C8ABC962-FE98-47DE-89A1-B21AC330E52D}.Release|Any CPU.Build.0 = Release|Any CPU
		{C8ABC962-FE98-47DE-89A1-B21AC330E52D}.Release|x64.ActiveCfg = Release|Any CPU
		{C8ABC962-FE98-47DE-89A1-B21AC330E52D}.Release|x64.Build.0 = Release|Any CPU
		{C8ABC962-FE98-47DE-89A1-B21AC330E52D}.Release|x86.ActiveCfg = Release|Any CPU
		{C8ABC962-FE98-47DE-89A1-B21AC330E52D}.Release|x86.Build.0 = Release|Any CPU
	EndGlobalSection
	GlobalSection(SolutionProperties) = preSolution
		HideSolutionNode = FALSE
	EndGlobalSection
	GlobalSection(ExtensibilityGlobals) = postSolution
		SolutionGuid = {908E46B7-3BD8-4A84-8DBD-A14EF4BA9E90}
	EndGlobalSection
EndGlobal
